
Microsoft Visual Studio Solution File, Format Version 12.00
# Visual Studio Version 16
VisualStudioVersion = 16.0.29411.108
MinimumVisualStudioVersion = 10.0.40219.1
Project("{FAE04EC0-301F-11D3-BF4B-00C04F79EFBC}") = "Foodies.Foody.Canteen.Application", "Foodies.Foody.Canteen.Application\Foodies.Foody.Canteen.Application.csproj", "{D1F7B84D-6956-417A-84B6-BF465EF475BD}"
EndProject
Global
	GlobalSection(SolutionConfigurationPlatforms) = preSolution
		Debug|Any CPU = Debug|Any CPU
		Release|Any CPU = Release|Any CPU
	EndGlobalSection
	GlobalSection(ProjectConfigurationPlatforms) = postSolution
		{D1F7B84D-6956-417A-84B6-BF465EF475BD}.Debug|Any CPU.ActiveCfg = Debug|Any CPU
		{D1F7B84D-6956-417A-84B6-BF465EF475BD}.Debug|Any CPU.Build.0 = Debug|Any CPU
		{D1F7B84D-6956-417A-84B6-BF465EF475BD}.Release|Any CPU.ActiveCfg = Release|Any CPU
		{D1F7B84D-6956-417A-84B6-BF465EF475BD}.Release|Any CPU.Build.0 = Release|Any CPU
	EndGlobalSection
	GlobalSection(SolutionProperties) = preSolution
		HideSolutionNode = FALSE
	EndGlobalSection
	GlobalSection(ExtensibilityGlobals) = postSolution
		SolutionGuid = {76B1D52B-E99C-443C-BD37-34C4D9A5CE5C}
	EndGlobalSection
EndGlobal
