
Microsoft Visual Studio Solution File, Format Version 12.00
# Visual Studio Version 16
VisualStudioVersion = 16.0.29411.108
MinimumVisualStudioVersion = 10.0.40219.1
Project("{9A19103F-16F7-4668-BE54-9A1E7A4F7556}") = "Unidash.Canteen.Application", "Unidash.Canteen.Application\Unidash.Canteen.Application.csproj", "{D1F7B84D-6956-417A-84B6-BF465EF475BD}"
EndProject
Project("{9A19103F-16F7-4668-BE54-9A1E7A4F7556}") = "Unidash.Canteen.Core", "Unidash.Canteen.Core\Unidash.Canteen.Core.csproj", "{E8DD3AB9-F9D6-46BF-B985-D82FBDC559FF}"
EndProject
Project("{E53339B2-1760-4266-BCC7-CA923CBCF16C}") = "docker-compose", "docker-compose.dcproj", "{83641D31-A1CF-496F-B4A9-83ACC7DF1359}"
EndProject
Project("{9A19103F-16F7-4668-BE54-9A1E7A4F7556}") = "Unidash.Auth.Application", "Unidash.Auth.Application\Unidash.Auth.Application.csproj", "{E4E39D5E-F594-487D-BEF9-B88330212F5F}"
EndProject
Project("{2150E333-8FDC-42A3-9474-1A3956D46DE8}") = "Auth", "Auth", "{6A01727A-798B-4743-9F59-1B8E72109EA6}"
EndProject
Project("{2150E333-8FDC-42A3-9474-1A3956D46DE8}") = "Canteen", "Canteen", "{96352A29-A0A5-4840-91CC-B6D2616D04EE}"
EndProject
Project("{2150E333-8FDC-42A3-9474-1A3956D46DE8}") = "TimeTable", "TimeTable", "{928F652A-31E4-4AC4-9B58-E188ACEA570E}"
EndProject
Project("{9A19103F-16F7-4668-BE54-9A1E7A4F7556}") = "Unidash.TimeTable.Application", "Unidash.TimeTable.Application\Unidash.TimeTable.Application.csproj", "{55B48700-BBE3-47EF-99F1-CDE335C76717}"
EndProject
Project("{9A19103F-16F7-4668-BE54-9A1E7A4F7556}") = "Unidash.Core", "Unidash.Core\Unidash.Core.csproj", "{A47B23B4-0218-41EB-BABF-3316F9A38A86}"
EndProject
Project("{9A19103F-16F7-4668-BE54-9A1E7A4F7556}") = "Unidash.Core.Tests", "Unidash.Core.Tests\Unidash.Core.Tests.csproj", "{755C3780-1D27-4377-88C5-D71C41E7B79E}"
EndProject
Project("{9A19103F-16F7-4668-BE54-9A1E7A4F7556}") = "Unidash.Auth.Domain", "Unidash.Auth.Domain\Unidash.Auth.Domain.csproj", "{5CC5A000-1FA4-4928-8454-70A065BD1095}"
EndProject
Project("{9A19103F-16F7-4668-BE54-9A1E7A4F7556}") = "Unidash.Auth", "Unidash.Auth\Unidash.Auth.csproj", "{0188F434-7C54-4D00-8A6D-D4049633C2CF}"
EndProject
Project("{2150E333-8FDC-42A3-9474-1A3956D46DE8}") = "Chat", "Chat", "{6AE28CB0-2A40-4CCF-8753-D552FF5DFF4A}"
EndProject
Project("{9A19103F-16F7-4668-BE54-9A1E7A4F7556}") = "Unidash.Chat.Application", "Unidash.Chat.Application\Unidash.Chat.Application.csproj", "{6199A431-6482-4159-82A8-280067AF3DF6}"
EndProject
Project("{9A19103F-16F7-4668-BE54-9A1E7A4F7556}") = "Unidash.TimeTable", "Unidash.TimeTable\Unidash.TimeTable.csproj", "{979AAB10-117C-40E8-B495-45FC8DF73C16}"
EndProject
Project("{2150E333-8FDC-42A3-9474-1A3956D46DE8}") = "Services", "Services", "{5615772D-7F4F-4842-9F78-5CCFE73B019E}"
EndProject
Project("{2150E333-8FDC-42A3-9474-1A3956D46DE8}") = "Tests", "Tests", "{66AF47D4-B73A-4310-AC7D-2E2C67299C14}"
EndProject
Global
	GlobalSection(SolutionConfigurationPlatforms) = preSolution
		Debug|Any CPU = Debug|Any CPU
		Release|Any CPU = Release|Any CPU
	EndGlobalSection
	GlobalSection(ProjectConfigurationPlatforms) = postSolution
		{D1F7B84D-6956-417A-84B6-BF465EF475BD}.Debug|Any CPU.ActiveCfg = Debug|Any CPU
		{D1F7B84D-6956-417A-84B6-BF465EF475BD}.Debug|Any CPU.Build.0 = Debug|Any CPU
		{D1F7B84D-6956-417A-84B6-BF465EF475BD}.Release|Any CPU.ActiveCfg = Release|Any CPU
		{D1F7B84D-6956-417A-84B6-BF465EF475BD}.Release|Any CPU.Build.0 = Release|Any CPU
		{E8DD3AB9-F9D6-46BF-B985-D82FBDC559FF}.Debug|Any CPU.ActiveCfg = Debug|Any CPU
		{E8DD3AB9-F9D6-46BF-B985-D82FBDC559FF}.Debug|Any CPU.Build.0 = Debug|Any CPU
		{E8DD3AB9-F9D6-46BF-B985-D82FBDC559FF}.Release|Any CPU.ActiveCfg = Release|Any CPU
		{E8DD3AB9-F9D6-46BF-B985-D82FBDC559FF}.Release|Any CPU.Build.0 = Release|Any CPU
		{83641D31-A1CF-496F-B4A9-83ACC7DF1359}.Debug|Any CPU.ActiveCfg = Debug|Any CPU
		{83641D31-A1CF-496F-B4A9-83ACC7DF1359}.Debug|Any CPU.Build.0 = Debug|Any CPU
		{83641D31-A1CF-496F-B4A9-83ACC7DF1359}.Release|Any CPU.ActiveCfg = Release|Any CPU
		{83641D31-A1CF-496F-B4A9-83ACC7DF1359}.Release|Any CPU.Build.0 = Release|Any CPU
		{E4E39D5E-F594-487D-BEF9-B88330212F5F}.Debug|Any CPU.ActiveCfg = Debug|Any CPU
		{E4E39D5E-F594-487D-BEF9-B88330212F5F}.Debug|Any CPU.Build.0 = Debug|Any CPU
		{E4E39D5E-F594-487D-BEF9-B88330212F5F}.Release|Any CPU.ActiveCfg = Release|Any CPU
		{E4E39D5E-F594-487D-BEF9-B88330212F5F}.Release|Any CPU.Build.0 = Release|Any CPU
		{55B48700-BBE3-47EF-99F1-CDE335C76717}.Debug|Any CPU.ActiveCfg = Debug|Any CPU
		{55B48700-BBE3-47EF-99F1-CDE335C76717}.Debug|Any CPU.Build.0 = Debug|Any CPU
		{55B48700-BBE3-47EF-99F1-CDE335C76717}.Release|Any CPU.ActiveCfg = Release|Any CPU
		{55B48700-BBE3-47EF-99F1-CDE335C76717}.Release|Any CPU.Build.0 = Release|Any CPU
		{A47B23B4-0218-41EB-BABF-3316F9A38A86}.Debug|Any CPU.ActiveCfg = Debug|Any CPU
		{A47B23B4-0218-41EB-BABF-3316F9A38A86}.Debug|Any CPU.Build.0 = Debug|Any CPU
		{A47B23B4-0218-41EB-BABF-3316F9A38A86}.Release|Any CPU.ActiveCfg = Release|Any CPU
		{A47B23B4-0218-41EB-BABF-3316F9A38A86}.Release|Any CPU.Build.0 = Release|Any CPU
		{755C3780-1D27-4377-88C5-D71C41E7B79E}.Debug|Any CPU.ActiveCfg = Debug|Any CPU
		{755C3780-1D27-4377-88C5-D71C41E7B79E}.Debug|Any CPU.Build.0 = Debug|Any CPU
		{755C3780-1D27-4377-88C5-D71C41E7B79E}.Release|Any CPU.ActiveCfg = Release|Any CPU
		{755C3780-1D27-4377-88C5-D71C41E7B79E}.Release|Any CPU.Build.0 = Release|Any CPU
		{5CC5A000-1FA4-4928-8454-70A065BD1095}.Debug|Any CPU.ActiveCfg = Debug|Any CPU
		{5CC5A000-1FA4-4928-8454-70A065BD1095}.Debug|Any CPU.Build.0 = Debug|Any CPU
		{5CC5A000-1FA4-4928-8454-70A065BD1095}.Release|Any CPU.ActiveCfg = Release|Any CPU
		{5CC5A000-1FA4-4928-8454-70A065BD1095}.Release|Any CPU.Build.0 = Release|Any CPU
		{0188F434-7C54-4D00-8A6D-D4049633C2CF}.Debug|Any CPU.ActiveCfg = Debug|Any CPU
		{0188F434-7C54-4D00-8A6D-D4049633C2CF}.Debug|Any CPU.Build.0 = Debug|Any CPU
		{0188F434-7C54-4D00-8A6D-D4049633C2CF}.Release|Any CPU.ActiveCfg = Release|Any CPU
		{0188F434-7C54-4D00-8A6D-D4049633C2CF}.Release|Any CPU.Build.0 = Release|Any CPU
		{6199A431-6482-4159-82A8-280067AF3DF6}.Debug|Any CPU.ActiveCfg = Debug|Any CPU
		{6199A431-6482-4159-82A8-280067AF3DF6}.Debug|Any CPU.Build.0 = Debug|Any CPU
		{6199A431-6482-4159-82A8-280067AF3DF6}.Release|Any CPU.ActiveCfg = Release|Any CPU
		{6199A431-6482-4159-82A8-280067AF3DF6}.Release|Any CPU.Build.0 = Release|Any CPU
		{979AAB10-117C-40E8-B495-45FC8DF73C16}.Debug|Any CPU.ActiveCfg = Debug|Any CPU
		{979AAB10-117C-40E8-B495-45FC8DF73C16}.Debug|Any CPU.Build.0 = Debug|Any CPU
		{979AAB10-117C-40E8-B495-45FC8DF73C16}.Release|Any CPU.ActiveCfg = Release|Any CPU
		{979AAB10-117C-40E8-B495-45FC8DF73C16}.Release|Any CPU.Build.0 = Release|Any CPU
	EndGlobalSection
	GlobalSection(SolutionProperties) = preSolution
		HideSolutionNode = FALSE
	EndGlobalSection
	GlobalSection(NestedProjects) = preSolution
		{D1F7B84D-6956-417A-84B6-BF465EF475BD} = {96352A29-A0A5-4840-91CC-B6D2616D04EE}
		{E8DD3AB9-F9D6-46BF-B985-D82FBDC559FF} = {96352A29-A0A5-4840-91CC-B6D2616D04EE}
		{E4E39D5E-F594-487D-BEF9-B88330212F5F} = {6A01727A-798B-4743-9F59-1B8E72109EA6}
		{6A01727A-798B-4743-9F59-1B8E72109EA6} = {5615772D-7F4F-4842-9F78-5CCFE73B019E}
		{96352A29-A0A5-4840-91CC-B6D2616D04EE} = {5615772D-7F4F-4842-9F78-5CCFE73B019E}
		{928F652A-31E4-4AC4-9B58-E188ACEA570E} = {5615772D-7F4F-4842-9F78-5CCFE73B019E}
		{55B48700-BBE3-47EF-99F1-CDE335C76717} = {928F652A-31E4-4AC4-9B58-E188ACEA570E}
		{755C3780-1D27-4377-88C5-D71C41E7B79E} = {66AF47D4-B73A-4310-AC7D-2E2C67299C14}
		{5CC5A000-1FA4-4928-8454-70A065BD1095} = {6A01727A-798B-4743-9F59-1B8E72109EA6}
		{0188F434-7C54-4D00-8A6D-D4049633C2CF} = {6A01727A-798B-4743-9F59-1B8E72109EA6}
		{6AE28CB0-2A40-4CCF-8753-D552FF5DFF4A} = {5615772D-7F4F-4842-9F78-5CCFE73B019E}
		{6199A431-6482-4159-82A8-280067AF3DF6} = {6AE28CB0-2A40-4CCF-8753-D552FF5DFF4A}
		{979AAB10-117C-40E8-B495-45FC8DF73C16} = {928F652A-31E4-4AC4-9B58-E188ACEA570E}
	EndGlobalSection
	GlobalSection(ExtensibilityGlobals) = postSolution
		SolutionGuid = {76B1D52B-E99C-443C-BD37-34C4D9A5CE5C}
	EndGlobalSection
EndGlobal
